
Microsoft Visual Studio Solution File, Format Version 12.00
# Visual Studio 15
VisualStudioVersion = 15.0.28307.106
MinimumVisualStudioVersion = 10.0.40219.1
Project("{F2A71F9B-5D33-465A-A702-920D77279786}") = "mandelbrod", "mandelbrod\mandelbrod.fsproj", "{7F2ED8BC-20DE-4966-9E90-DEDA8CBAEA89}"
EndProject
Global
	GlobalSection(SolutionConfigurationPlatforms) = preSolution
		Debug|Any CPU = Debug|Any CPU
		Release|Any CPU = Release|Any CPU
	EndGlobalSection
	GlobalSection(ProjectConfigurationPlatforms) = postSolution
		{7F2ED8BC-20DE-4966-9E90-DEDA8CBAEA89}.Debug|Any CPU.ActiveCfg = Debug|Any CPU
		{7F2ED8BC-20DE-4966-9E90-DEDA8CBAEA89}.Debug|Any CPU.Build.0 = Debug|Any CPU
		{7F2ED8BC-20DE-4966-9E90-DEDA8CBAEA89}.Release|Any CPU.ActiveCfg = Release|Any CPU
		{7F2ED8BC-20DE-4966-9E90-DEDA8CBAEA89}.Release|Any CPU.Build.0 = Release|Any CPU
	EndGlobalSection
	GlobalSection(SolutionProperties) = preSolution
		HideSolutionNode = FALSE
	EndGlobalSection
	GlobalSection(ExtensibilityGlobals) = postSolution
		SolutionGuid = {F42227B6-8272-4033-851A-4BE390B1D77F}
	EndGlobalSection
EndGlobal
